
Microsoft Visual Studio Solution File, Format Version 12.00
# Visual Studio Version 17
VisualStudioVersion = 17.5.33530.505
MinimumVisualStudioVersion = 10.0.40219.1
Project("{FAE04EC0-301F-11D3-BF4B-00C04F79EFBC}") = "ImpactConsole", "ImpactWpf\ImpactConsole.csproj", "{C63EE9BB-FDD0-4072-AD24-1CCD73B464F1}"
EndProject
Project("{FAE04EC0-301F-11D3-BF4B-00C04F79EFBC}") = "TestConsoleProject", "TestConsoleProject\TestConsoleProject.csproj", "{C1D0EF5D-9B66-41B1-81AF-2F9128356E92}"
EndProject
Global
	GlobalSection(SolutionConfigurationPlatforms) = preSolution
		Debug|Any CPU = Debug|Any CPU
		Release|Any CPU = Release|Any CPU
	EndGlobalSection
	GlobalSection(ProjectConfigurationPlatforms) = postSolution
		{C63EE9BB-FDD0-4072-AD24-1CCD73B464F1}.Debug|Any CPU.ActiveCfg = Debug|Any CPU
		{C63EE9BB-FDD0-4072-AD24-1CCD73B464F1}.Debug|Any CPU.Build.0 = Debug|Any CPU
		{C63EE9BB-FDD0-4072-AD24-1CCD73B464F1}.Release|Any CPU.ActiveCfg = Release|Any CPU
		{C63EE9BB-FDD0-4072-AD24-1CCD73B464F1}.Release|Any CPU.Build.0 = Release|Any CPU
		{C1D0EF5D-9B66-41B1-81AF-2F9128356E92}.Debug|Any CPU.ActiveCfg = Debug|Any CPU
		{C1D0EF5D-9B66-41B1-81AF-2F9128356E92}.Debug|Any CPU.Build.0 = Debug|Any CPU
		{C1D0EF5D-9B66-41B1-81AF-2F9128356E92}.Release|Any CPU.ActiveCfg = Release|Any CPU
		{C1D0EF5D-9B66-41B1-81AF-2F9128356E92}.Release|Any CPU.Build.0 = Release|Any CPU
	EndGlobalSection
	GlobalSection(SolutionProperties) = preSolution
		HideSolutionNode = FALSE
	EndGlobalSection
	GlobalSection(ExtensibilityGlobals) = postSolution
		SolutionGuid = {041C64AC-C309-41F2-9EF2-A4D928A76D3F}
	EndGlobalSection
EndGlobal
