
Microsoft Visual Studio Solution File, Format Version 12.00
# Visual Studio Version 17
VisualStudioVersion = 17.5.33530.505
MinimumVisualStudioVersion = 10.0.40219.1
Project("{FAE04EC0-301F-11D3-BF4B-00C04F79EFBC}") = "Impact", "Impact\Impact.csproj", "{5C6BA116-0E45-4CDA-8F71-56E9E3E54AB5}"
EndProject
Global
	GlobalSection(SolutionConfigurationPlatforms) = preSolution
		Debug|Any CPU = Debug|Any CPU
		Release|Any CPU = Release|Any CPU
	EndGlobalSection
	GlobalSection(ProjectConfigurationPlatforms) = postSolution
		{5C6BA116-0E45-4CDA-8F71-56E9E3E54AB5}.Debug|Any CPU.ActiveCfg = Debug|Any CPU
		{5C6BA116-0E45-4CDA-8F71-56E9E3E54AB5}.Debug|Any CPU.Build.0 = Debug|Any CPU
		{5C6BA116-0E45-4CDA-8F71-56E9E3E54AB5}.Release|Any CPU.ActiveCfg = Release|Any CPU
		{5C6BA116-0E45-4CDA-8F71-56E9E3E54AB5}.Release|Any CPU.Build.0 = Release|Any CPU
	EndGlobalSection
	GlobalSection(SolutionProperties) = preSolution
		HideSolutionNode = FALSE
	EndGlobalSection
	GlobalSection(ExtensibilityGlobals) = postSolution
		SolutionGuid = {041C64AC-C309-41F2-9EF2-A4D928A76D3F}
	EndGlobalSection
EndGlobal
